
Microsoft Visual Studio Solution File, Format Version 12.00
# Visual Studio Version 17
VisualStudioVersion = 17.5.002.0
MinimumVisualStudioVersion = 10.0.40219.1
Project("{9A19103F-16F7-4668-BE54-9A1E7A4F7556}") = "BackendBiblioteca", "BackendBiblioteca.csproj", "{6A496EFD-CD10-4BA7-A60C-1A2D0B050E9B}"
EndProject
Global
	GlobalSection(SolutionConfigurationPlatforms) = preSolution
		Debug|Any CPU = Debug|Any CPU
		Release|Any CPU = Release|Any CPU
	EndGlobalSection
	GlobalSection(ProjectConfigurationPlatforms) = postSolution
		{6A496EFD-CD10-4BA7-A60C-1A2D0B050E9B}.Debug|Any CPU.ActiveCfg = Debug|Any CPU
		{6A496EFD-CD10-4BA7-A60C-1A2D0B050E9B}.Debug|Any CPU.Build.0 = Debug|Any CPU
		{6A496EFD-CD10-4BA7-A60C-1A2D0B050E9B}.Release|Any CPU.ActiveCfg = Release|Any CPU
		{6A496EFD-CD10-4BA7-A60C-1A2D0B050E9B}.Release|Any CPU.Build.0 = Release|Any CPU
	EndGlobalSection
	GlobalSection(SolutionProperties) = preSolution
		HideSolutionNode = FALSE
	EndGlobalSection
	GlobalSection(ExtensibilityGlobals) = postSolution
		SolutionGuid = {953ECE3A-CFCB-439F-90BC-3F05F9925B37}
	EndGlobalSection
EndGlobal
